
Microsoft Visual Studio Solution File, Format Version 12.00
# Visual Studio Version 16
VisualStudioVersion = 16.0.29911.84
MinimumVisualStudioVersion = 10.0.40219.1
Project("{8BC9CEB8-8B4A-11D0-8D11-00A0C91BC942}") = "App_queue", "App_queue\App_queue.vcxproj", "{BBDA1968-799C-4C0C-9BE7-3DC3B11758AC}"
EndProject
Global
	GlobalSection(SolutionConfigurationPlatforms) = preSolution
		Debug|x64 = Debug|x64
		Debug|x86 = Debug|x86
		Release|x64 = Release|x64
		Release|x86 = Release|x86
	EndGlobalSection
	GlobalSection(ProjectConfigurationPlatforms) = postSolution
		{BBDA1968-799C-4C0C-9BE7-3DC3B11758AC}.Debug|x64.ActiveCfg = Debug|x64
		{BBDA1968-799C-4C0C-9BE7-3DC3B11758AC}.Debug|x64.Build.0 = Debug|x64
		{BBDA1968-799C-4C0C-9BE7-3DC3B11758AC}.Debug|x86.ActiveCfg = Debug|Win32
		{BBDA1968-799C-4C0C-9BE7-3DC3B11758AC}.Debug|x86.Build.0 = Debug|Win32
		{BBDA1968-799C-4C0C-9BE7-3DC3B11758AC}.Release|x64.ActiveCfg = Release|x64
		{BBDA1968-799C-4C0C-9BE7-3DC3B11758AC}.Release|x64.Build.0 = Release|x64
		{BBDA1968-799C-4C0C-9BE7-3DC3B11758AC}.Release|x86.ActiveCfg = Release|Win32
		{BBDA1968-799C-4C0C-9BE7-3DC3B11758AC}.Release|x86.Build.0 = Release|Win32
	EndGlobalSection
	GlobalSection(SolutionProperties) = preSolution
		HideSolutionNode = FALSE
	EndGlobalSection
	GlobalSection(ExtensibilityGlobals) = postSolution
		SolutionGuid = {DD034EAB-DBDC-4ECE-A23B-B1C6C483117C}
	EndGlobalSection
EndGlobal
