
Microsoft Visual Studio Solution File, Format Version 12.00
# Visual Studio Version 16
VisualStudioVersion = 16.0.29911.84
MinimumVisualStudioVersion = 10.0.40219.1
Project("{8BC9CEB8-8B4A-11D0-8D11-00A0C91BC942}") = "l2", "l2.vcxproj", "{6937A86A-F858-4BB2-9AD9-A6513E8B982C}"
EndProject
Global
	GlobalSection(SolutionConfigurationPlatforms) = preSolution
		Debug|x64 = Debug|x64
		Debug|x86 = Debug|x86
		Release|x64 = Release|x64
		Release|x86 = Release|x86
	EndGlobalSection
	GlobalSection(ProjectConfigurationPlatforms) = postSolution
		{6937A86A-F858-4BB2-9AD9-A6513E8B982C}.Debug|x64.ActiveCfg = Debug|x64
		{6937A86A-F858-4BB2-9AD9-A6513E8B982C}.Debug|x64.Build.0 = Debug|x64
		{6937A86A-F858-4BB2-9AD9-A6513E8B982C}.Debug|x86.ActiveCfg = Debug|Win32
		{6937A86A-F858-4BB2-9AD9-A6513E8B982C}.Debug|x86.Build.0 = Debug|Win32
		{6937A86A-F858-4BB2-9AD9-A6513E8B982C}.Release|x64.ActiveCfg = Release|x64
		{6937A86A-F858-4BB2-9AD9-A6513E8B982C}.Release|x64.Build.0 = Release|x64
		{6937A86A-F858-4BB2-9AD9-A6513E8B982C}.Release|x86.ActiveCfg = Release|Win32
		{6937A86A-F858-4BB2-9AD9-A6513E8B982C}.Release|x86.Build.0 = Release|Win32
	EndGlobalSection
	GlobalSection(SolutionProperties) = preSolution
		HideSolutionNode = FALSE
	EndGlobalSection
	GlobalSection(ExtensibilityGlobals) = postSolution
		SolutionGuid = {8E1911B9-29D4-4D42-B053-87E6C8ADD4D4}
	EndGlobalSection
EndGlobal
